Microsoft Visual Studio Solution File, Format Version 12.00
# Visual Studio Version 17
VisualStudioVersion = 17.5.2.0
MinimumVisualStudioVersion = 10.0.40219.1
Project("{FAE04EC0-301F-11D3-BF4B-00C04F79EFBC}") = "Autoplay-API", "Autoplay-API.csproj", "{28D3DE13-6065-9916-BF54-5CB21EF64D99}"
EndProject
Global
	GlobalSection(SolutionConfigurationPlatforms) = preSolution
		Debug|Any CPU = Debug|Any CPU
		Release|Any CPU = Release|Any CPU
	EndGlobalSection
	GlobalSection(ProjectConfigurationPlatforms) = postSolution
		{28D3DE13-6065-9916-BF54-5CB21EF64D99}.Debug|Any CPU.ActiveCfg = Debug|Any CPU
		{28D3DE13-6065-9916-BF54-5CB21EF64D99}.Debug|Any CPU.Build.0 = Debug|Any CPU
		{28D3DE13-6065-9916-BF54-5CB21EF64D99}.Release|Any CPU.ActiveCfg = Release|Any CPU
		{28D3DE13-6065-9916-BF54-5CB21EF64D99}.Release|Any CPU.Build.0 = Release|Any CPU
	EndGlobalSection
	GlobalSection(SolutionProperties) = preSolution
		HideSolutionNode = FALSE
	EndGlobalSection
	GlobalSection(ExtensibilityGlobals) = postSolution
		SolutionGuid = {F022173B-8104-408B-A6E4-78157D93AFDE}
	EndGlobalSection
EndGlobal
